
# THIS IS AN AUTOGENERATED FILE. DO NOT EDIT THIS FILE DIRECTLY.
# yarn lockfile v1


"@ampproject/remapping@^2.1.0":
  version "2.2.0"
  resolved "https://registry.yarnpkg.com/@ampproject/remapping/-/remapping-2.2.0.tgz#56c133824780de3174aed5ab6834f3026790154d"
  integrity sha512-qRmjj8nj9qmLTQXXmaR1cck3UXSRMPrbsLJAasZpF+t3riI71BXed5ebIOYwQntykeZuhjsdweEc9BxH5Jc26w==
  dependencies:
    "@jridgewell/gen-mapping" "^0.1.0"
    "@jridgewell/trace-mapping" "^0.3.9"

"@babel/code-frame@^7.0.0", "@babel/code-frame@^7.12.13", "@babel/code-frame@^7.18.6", "@babel/code-frame@^7.5.5", "@babel/code-frame@^7.8.3":
  version "7.18.6"
  resolved "https://registry.yarnpkg.com/@babel/code-frame/-/code-frame-7.18.6.tgz#3b25d38c89600baa2dcc219edfa88a74eb2c427a"
  integrity sha512-TDCmlK5eOvH+eH7cdAFlNXeVJqWIQ7gW9tY1GJIpUtFb6CmjVyq2VM3u71bOyR8CRihcCgMUYoDNyLXao3+70Q==
  dependencies:
    "@babel/highlight" "^7.18.6"

"@babel/compat-data@^7.17.7", "@babel/compat-data@^7.18.8":
  version "7.18.13"
  resolved "https://registry.yarnpkg.com/@babel/compat-data/-/compat-data-7.18.13.tgz#6aff7b350a1e8c3e40b029e46cbe78e24a913483"
  integrity sha512-5yUzC5LqyTFp2HLmDoxGQelcdYgSpP9xsnMWBphAscOdFrHSAVbLNzWiy32sVNDqJRDiJK6klfDnAgu6PAGSHw==

"@babel/compat-data@^7.19.3":
  version "7.19.3"
  resolved "https://registry.yarnpkg.com/@babel/compat-data/-/compat-data-7.19.3.tgz#707b939793f867f5a73b2666e6d9a3396eb03151"
  integrity sha512-prBHMK4JYYK+wDjJF1q99KK4JLL+egWS4nmNqdlMUgCExMZ+iZW0hGhyC3VEbsPjvaN0TBhW//VIFwBrk8sEiw==

"@babel/core@7.19.3", "@babel/core@^7.11.6", "@babel/core@^7.12.3":
  version "7.19.3"
  resolved "https://registry.yarnpkg.com/@babel/core/-/core-7.19.3.tgz#2519f62a51458f43b682d61583c3810e7dcee64c"
  integrity sha512-WneDJxdsjEvyKtXKsaBGbDeiyOjR5vYq4HcShxnIbG0qixpoHjI3MqeZM9NDvsojNCEBItQE4juOo/bU6e72gQ==
  dependencies:
    "@ampproject/remapping" "^2.1.0"
    "@babel/code-frame" "^7.18.6"
    "@babel/generator" "^7.19.3"
    "@babel/helper-compilation-targets" "^7.19.3"
    "@babel/helper-module-transforms" "^7.19.0"
    "@babel/helpers" "^7.19.0"
    "@babel/parser" "^7.19.3"
    "@babel/template" "^7.18.10"
    "@babel/traverse" "^7.19.3"
    "@babel/types" "^7.19.3"
    convert-source-map "^1.7.0"
    debug "^4.1.0"
    gensync "^1.0.0-beta.2"
    json5 "^2.2.1"
    semver "^6.3.0"

"@babel/core@7.6.0":
  version "7.6.0"
  resolved "https://registry.yarnpkg.com/@babel/core/-/core-7.6.0.tgz#9b00f73554edd67bebc86df8303ef678be3d7b48"
  integrity sha512-FuRhDRtsd6IptKpHXAa+4WPZYY2ZzgowkbLBecEDDSje1X/apG7jQM33or3NdOmjXBKWGOg4JmSiRfUfuTtHXw==
  dependencies:
    "@babel/code-frame" "^7.5.5"
    "@babel/generator" "^7.6.0"
    "@babel/helpers" "^7.6.0"
    "@babel/parser" "^7.6.0"
    "@babel/template" "^7.6.0"
    "@babel/traverse" "^7.6.0"
    "@babel/types" "^7.6.0"
    convert-source-map "^1.1.0"
    debug "^4.1.0"
    json5 "^2.1.0"
    lodash "^4.17.13"
    resolve "^1.3.2"
    semver "^5.4.1"
    source-map "^0.5.0"

"@babel/core@^7.9.0":
  version "7.18.13"
  resolved "https://registry.yarnpkg.com/@babel/core/-/core-7.18.13.tgz#9be8c44512751b05094a4d3ab05fc53a47ce00ac"
  integrity sha512-ZisbOvRRusFktksHSG6pjj1CSvkPkcZq/KHD45LAkVP/oiHJkNBZWfpvlLmX8OtHDG8IuzsFlVRWo08w7Qxn0A==
  dependencies:
    "@ampproject/remapping" "^2.1.0"
    "@babel/code-frame" "^7.18.6"
    "@babel/generator" "^7.18.13"
    "@babel/helper-compilation-targets" "^7.18.9"
    "@babel/helper-module-transforms" "^7.18.9"
    "@babel/helpers" "^7.18.9"
    "@babel/parser" "^7.18.13"
    "@babel/template" "^7.18.10"
    "@babel/traverse" "^7.18.13"
    "@babel/types" "^7.18.13"
    convert-source-map "^1.7.0"
    debug "^4.1.0"
    gensync "^1.0.0-beta.2"
    json5 "^2.2.1"
    semver "^6.3.0"

"@babel/eslint-parser@^7.13.14":
  version "7.18.9"
  resolved "https://registry.yarnpkg.com/@babel/eslint-parser/-/eslint-parser-7.18.9.tgz#255a63796819a97b7578751bb08ab9f2a375a031"
  integrity sha512-KzSGpMBggz4fKbRbWLNyPVTuQr6cmCcBhOyXTw/fieOVaw5oYAwcAj4a7UKcDYCPxQq+CG1NCDZH9e2JTXquiQ==
  dependencies:
    eslint-scope "^5.1.1"
    eslint-visitor-keys "^2.1.0"
    semver "^6.3.0"

"@babel/generator@^7.18.13", "@babel/generator@^7.6.0":
  version "7.18.13"
  resolved "https://registry.yarnpkg.com/@babel/generator/-/generator-7.18.13.tgz#59550cbb9ae79b8def15587bdfbaa388c4abf212"
  integrity sha512-CkPg8ySSPuHTYPJYo7IRALdqyjM9HCbt/3uOBEFbzyGVP6Mn8bwFPB0jX6982JVNBlYzM1nnPkfjuXSOPtQeEQ==
  dependencies:
    "@babel/types" "^7.18.13"
    "@jridgewell/gen-mapping" "^0.3.2"
    jsesc "^2.5.1"

"@babel/generator@^7.19.3", "@babel/generator@^7.7.2":
  version "7.19.3"
  resolved "https://registry.yarnpkg.com/@babel/generator/-/generator-7.19.3.tgz#d7f4d1300485b4547cb6f94b27d10d237b42bf59"
  integrity sha512-fqVZnmp1ncvZU757UzDheKZpfPgatqY59XtW2/j/18H7u76akb8xqvjw82f+i2UKd/ksYsSick/BCLQUUtJ/qQ==
  dependencies:
    "@babel/types" "^7.19.3"
    "@jridgewell/gen-mapping" "^0.3.2"
    jsesc "^2.5.1"

"@babel/helper-annotate-as-pure@^7.18.6":
  version "7.18.6"
  resolved "https://registry.yarnpkg.com/@babel/helper-annotate-as-pure/-/helper-annotate-as-pure-7.18.6.tgz#eaa49f6f80d5a33f9a5dd2276e6d6e451be0a6bb"
  integrity sha512-duORpUiYrEpzKIop6iNbjnwKLAKnJ47csTyRACyEmWj0QdUrm5aqNJGHSSEQSUAvNW0ojX0dOmK9dZduvkfeXA==
  dependencies:
    "@babel/types" "^7.18.6"

"@babel/helper-builder-binary-assignment-operator-visitor@^7.18.6":
  version "7.18.9"
  resolved "https://registry.yarnpkg.com/@babel/helper-builder-binary-assignment-operator-visitor/-/helper-builder-binary-assignment-operator-visitor-7.18.9.tgz#acd4edfd7a566d1d51ea975dff38fd52906981bb"
  integrity sha512-yFQ0YCHoIqarl8BCRwBL8ulYUaZpz3bNsA7oFepAzee+8/+ImtADXNOmO5vJvsPff3qi+hvpkY/NYBTrBQgdNw==
  dependencies:
    "@babel/helper-explode-assignable-expression" "^7.18.6"
    "@babel/types" "^7.18.9"

"@babel/helper-compilation-targets@^7.17.7", "@babel/helper-compilation-targets@^7.18.9", "@babel/helper-compilation-targets@^7.9.6":
  version "7.18.9"
  resolved "https://registry.yarnpkg.com/@babel/helper-compilation-targets/-/helper-compilation-targets-7.18.9.tgz#69e64f57b524cde3e5ff6cc5a9f4a387ee5563bf"
  integrity sha512-tzLCyVmqUiFlcFoAPLA/gL9TeYrF61VLNtb+hvkuVaB5SUjW7jcfrglBIX1vUIoT7CLP3bBlIMeyEsIl2eFQNg==
  dependencies:
    "@babel/compat-data" "^7.18.8"
    "@babel/helper-validator-option" "^7.18.6"
    browserslist "^4.20.2"
    semver "^6.3.0"

"@babel/helper-compilation-targets@^7.19.0", "@babel/helper-compilation-targets@^7.19.3":
  version "7.19.3"
  resolved "https://registry.yarnpkg.com/@babel/helper-compilation-targets/-/helper-compilation-targets-7.19.3.tgz#a10a04588125675d7c7ae299af86fa1b2ee038ca"
  integrity sha512-65ESqLGyGmLvgR0mst5AdW1FkNlj9rQsCKduzEoEPhBCDFGXvz2jW6bXFG6i0/MrV2s7hhXjjb2yAzcPuQlLwg==
  dependencies:
    "@babel/compat-data" "^7.19.3"
    "@babel/helper-validator-option" "^7.18.6"
    browserslist "^4.21.3"
    semver "^6.3.0"

"@babel/helper-create-class-features-plugin@^7.18.6", "@babel/helper-create-class-features-plugin@^7.18.9":
  version "7.18.13"
  resolved "https://registry.yarnpkg.com/@babel/helper-create-class-features-plugin/-/helper-create-class-features-plugin-7.18.13.tgz#63e771187bd06d234f95fdf8bd5f8b6429de6298"
  integrity sha512-hDvXp+QYxSRL+23mpAlSGxHMDyIGChm0/AwTfTAAK5Ufe40nCsyNdaYCGuK91phn/fVu9kqayImRDkvNAgdrsA==
  dependencies:
    "@babel/helper-annotate-as-pure" "^7.18.6"
    "@babel/helper-environment-visitor" "^7.18.9"
    "@babel/helper-function-name" "^7.18.9"
    "@babel/helper-member-expression-to-functions" "^7.18.9"
    "@babel/helper-optimise-call-expression" "^7.18.6"
    "@babel/helper-replace-supers" "^7.18.9"
    "@babel/helper-split-export-declaration" "^7.18.6"

"@babel/helper-create-regexp-features-plugin@^7.18.6":
  version "7.18.6"
  resolved "https://registry.yarnpkg.com/@babel/helper-create-regexp-features-plugin/-/helper-create-regexp-features-plugin-7.18.6.tgz#3e35f4e04acbbf25f1b3534a657610a000543d3c"
  integrity sha512-7LcpH1wnQLGrI+4v+nPp+zUvIkF9x0ddv1Hkdue10tg3gmRnLy97DXh4STiOf1qeIInyD69Qv5kKSZzKD8B/7A==
  dependencies:
    "@babel/helper-annotate-as-pure" "^7.18.6"
    regexpu-core "^5.1.0"

"@babel/helper-create-regexp-features-plugin@^7.19.0":
  version "7.19.0"
  resolved "https://registry.yarnpkg.com/@babel/helper-create-regexp-features-plugin/-/helper-create-regexp-features-plugin-7.19.0.tgz#7976aca61c0984202baca73d84e2337a5424a41b"
  integrity sha512-htnV+mHX32DF81amCDrwIDr8nrp1PTm+3wfBN9/v8QJOLEioOCOG7qNyq0nHeFiWbT3Eb7gsPwEmV64UCQ1jzw==
  dependencies:
    "@babel/helper-annotate-as-pure" "^7.18.6"
    regexpu-core "^5.1.0"

"@babel/helper-define-polyfill-provider@^0.3.2":
  version "0.3.2"
  resolved "https://registry.yarnpkg.com/@babel/helper-define-polyfill-provider/-/helper-define-polyfill-provider-0.3.2.tgz#bd10d0aca18e8ce012755395b05a79f45eca5073"
  integrity sha512-r9QJJ+uDWrd+94BSPcP6/de67ygLtvVy6cK4luE6MOuDsZIdoaPBnfSpbO/+LTifjPckbKXRuI9BB/Z2/y3iTg==
  dependencies:
    "@babel/helper-compilation-targets" "^7.17.7"
    "@babel/helper-plugin-utils" "^7.16.7"
    debug "^4.1.1"
    lodash.debounce "^4.0.8"
    resolve "^1.14.2"
    semver "^6.1.2"

"@babel/helper-define-polyfill-provider@^0.3.3":
  version "0.3.3"
  resolved "https://registry.yarnpkg.com/@babel/helper-define-polyfill-provider/-/helper-define-polyfill-provider-0.3.3.tgz#8612e55be5d51f0cd1f36b4a5a83924e89884b7a"
  integrity sha512-z5aQKU4IzbqCC1XH0nAqfsFLMVSo22SBKUc0BxGrLkolTdPTructy0ToNnlO2zA4j9Q/7pjMZf0DSY+DSTYzww==
  dependencies:
    "@babel/helper-compilation-targets" "^7.17.7"
    "@babel/helper-plugin-utils" "^7.16.7"
    debug "^4.1.1"
    lodash.debounce "^4.0.8"